// !$*UTF8*$!
{
	archiveVersion = 1;
	classes = {
	};
	objectVersion = 46;
	objects = {

/* Begin PBXBuildFile section */
		151FC0D713D34B7A007DC282 /* UIKit.framework in Frameworks */ = {isa = PBXBuildFile; fileRef = 151FC0D613D34B7A007DC282 /* UIKit.framework */; };
		151FC0D913D34B7A007DC282 /* Foundation.framework in Frameworks */ = {isa = PBXBuildFile; fileRef = 151FC0D813D34B7A007DC282 /* Foundation.framework */; };
		151FC0DB13D34B7A007DC282 /* CoreGraphics.framework in Frameworks */ = {isa = PBXBuildFile; fileRef = 151FC0DA13D34B7A007DC282 /* CoreGraphics.framework */; };
		151FC12B13D3558E007DC282 /* main.m in Sources */ = {isa = PBXBuildFile; fileRef = 151FC12A13D3558E007DC282 /* main.m */; };
		151FC13413D36FCB007DC282 /* QuartzCore.framework in Frameworks */ = {isa = PBXBuildFile; fileRef = 151FC13313D36FCB007DC282 /* QuartzCore.framework */; };
		1536A60616B0E0CF0021C622 /* UIView+Toast.m in Sources */ = {isa = PBXBuildFile; fileRef = 1536A60516B0E0CF0021C622 /* UIView+Toast.m */; };
		1536A60D16B0E0D60021C622 /* ToastTestAppDelegate.m in Sources */ = {isa = PBXBuildFile; fileRef = 1536A60916B0E0D60021C622 /* ToastTestAppDelegate.m */; };
		1536A60E16B0E0D60021C622 /* ToastTestViewController.m in Sources */ = {isa = PBXBuildFile; fileRef = 1536A60B16B0E0D60021C622 /* ToastTestViewController.m */; };
		1536A60F16B0E0D60021C622 /* ToastTestViewController.xib in Resources */ = {isa = PBXBuildFile; fileRef = 1536A60C16B0E0D60021C622 /* ToastTestViewController.xib */; };
		1536A61316B0E0E20021C622 /* toast.png in Resources */ = {isa = PBXBuildFile; fileRef = 1536A61216B0E0E20021C622 /* toast.png */; };
		1536A62516B0E2050021C622 /* Default-568h@2x.png in Resources */ = {isa = PBXBuildFile; fileRef = 1536A62416B0E2050021C622 /* Default-568h@2x.png */; };
		1536A62A16B0F0B20021C622 /* Icon.png in Resources */ = {isa = PBXBuildFile; fileRef = 1536A62816B0F0B20021C622 /* Icon.png */; };
		1536A62B16B0F0B20021C622 /* Icon@2x.png in Resources */ = {isa = PBXBuildFile; fileRef = 1536A62916B0F0B20021C622 /* Icon@2x.png */; };
/* End PBXBuildFile section */

/* Begin PBXFileReference section */
		151FC0D213D34B7A007DC282 /* Toast.app */ = {isa = PBXFileReference; explicitFileType = wrapper.application; includeInIndex = 0; path = Toast.app; sourceTree = BUILT_PRODUCTS_DIR; };
		151FC0D613D34B7A007DC282 /* UIKit.framework */ = {isa = PBXFileReference; lastKnownFileType = wrapper.framework; name = UIKit.framework; path = System/Library/Frameworks/UIKit.framework; sourceTree = SDKROOT; };
		151FC0D813D34B7A007DC282 /* Foundation.framework */ = {isa = PBXFileReference; lastKnownFileType = wrapper.framework; name = Foundation.framework; path = System/Library/Frameworks/Foundation.framework; sourceTree = SDKROOT; };
		151FC0DA13D34B7A007DC282 /* CoreGraphics.framework */ = {isa = PBXFileReference; lastKnownFileType = wrapper.framework; name = CoreGraphics.framework; path = System/Library/Frameworks/CoreGraphics.framework; sourceTree = SDKROOT; };
		151FC12713D35583007DC282 /* Toast-Info.plist */ = {isa = PBXFileReference; fileEncoding = 4; lastKnownFileType = text.plist.xml; name = "Toast-Info.plist"; path = "Toast/Toast-Info.plist"; sourceTree = SOURCE_ROOT; };
		151FC12813D35583007DC282 /* Toast-Prefix.pch */ = {isa = PBXFileReference; fileEncoding = 4; lastKnownFileType = sourcecode.c.h; name = "Toast-Prefix.pch"; path = "Toast/Toast-Prefix.pch"; sourceTree = SOURCE_ROOT; };
		151FC12A13D3558E007DC282 /* main.m */ = {isa = PBXFileReference; fileEncoding = 4; lastKnownFileType = sourcecode.c.objc; name = main.m; path = Toast/main.m; sourceTree = SOURCE_ROOT; };
		151FC13313D36FCB007DC282 /* QuartzCore.framework */ = {isa = PBXFileReference; lastKnownFileType = wrapper.framework; name = QuartzCore.framework; path = System/Library/Frameworks/QuartzCore.framework; sourceTree = SDKROOT; };
		1536A60416B0E0CF0021C622 /* UIView+Toast.h */ = {isa = PBXFileReference; fileEncoding = 4; lastKnownFileType = sourcecode.c.h; path = "UIView+Toast.h"; sourceTree = "<group>"; };
		1536A60516B0E0CF0021C622 /* UIView+Toast.m */ = {isa = PBXFileReference; fileEncoding = 4; lastKnownFileType = sourcecode.c.objc; path = "UIView+Toast.m"; sourceTree = "<group>"; };
		1536A60816B0E0D60021C622 /* ToastTestAppDelegate.h */ = {isa = PBXFileReference; fileEncoding = 4; lastKnownFileType = sourcecode.c.h; path = ToastTestAppDelegate.h; sourceTree = "<group>"; };
		1536A60916B0E0D60021C622 /* ToastTestAppDelegate.m */ = {isa = PBXFileReference; fileEncoding = 4; lastKnownFileType = sourcecode.c.objc; path = ToastTestAppDelegate.m; sourceTree = "<group>"; };
		1536A60A16B0E0D60021C622 /* ToastTestViewController.h */ = {isa = PBXFileReference; fileEncoding = 4; lastKnownFileType = sourcecode.c.h; path = ToastTestViewController.h; sourceTree = "<group>"; };
		1536A60B16B0E0D60021C622 /* ToastTestViewController.m */ = {isa = PBXFileReference; fileEncoding = 4; lastKnownFileType = sourcecode.c.objc; path = ToastTestViewController.m; sourceTree = "<group>"; };
		1536A60C16B0E0D60021C622 /* ToastTestViewController.xib */ = {isa = PBXFileReference; fileEncoding = 4; lastKnownFileType = file.xib; path = ToastTestViewController.xib; sourceTree = "<group>"; };
		1536A61216B0E0E20021C622 /* toast.png */ = {isa = PBXFileReference; lastKnownFileType = image.png; path = toast.png; sourceTree = "<group>"; };
		1536A62416B0E2050021C622 /* Default-568h@2x.png */ = {isa = PBXFileReference; lastKnownFileType = image.png; path = "Default-568h@2x.png"; sourceTree = SOURCE_ROOT; };
		1536A62816B0F0B20021C622 /* Icon.png */ = {isa = PBXFileReference; lastKnownFileType = image.png; path = Icon.png; sourceTree = SOURCE_ROOT; };
		1536A62916B0F0B20021C622 /* Icon@2x.png */ = {isa = PBXFileReference; lastKnownFileType = image.png; path = "Icon@2x.png"; sourceTree = SOURCE_ROOT; };
/* End PBXFileReference section */

/* Begin PBXFrameworksBuildPhase section */
		151FC0CF13D34B7A007DC282 /* Frameworks */ = {
			isa = PBXFrameworksBuildPhase;
			buildActionMask = 2147483647;
			files = (
				151FC13413D36FCB007DC282 /* QuartzCore.framework in Frameworks */,
				151FC0D713D34B7A007DC282 /* UIKit.framework in Frameworks */,
				151FC0D913D34B7A007DC282 /* Foundation.framework in Frameworks */,
				151FC0DB13D34B7A007DC282 /* CoreGraphics.framework in Frameworks */,
			);
			runOnlyForDeploymentPostprocessing = 0;
		};
/* End PBXFrameworksBuildPhase section */

/* Begin PBXGroup section */
		151FC0C713D34B79007DC282 = {
			isa = PBXGroup;
			children = (
				151FC0DC13D34B7A007DC282 /* Toast */,
				151FC0DD13D34B7A007DC282 /* Supporting Files */,
				1536A61016B0E0E20021C622 /* Resources */,
				151FC0D513D34B7A007DC282 /* Frameworks */,
				151FC0D313D34B7A007DC282 /* Products */,
			);
			sourceTree = "<group>";
		};
		151FC0D313D34B7A007DC282 /* Products */ = {
			isa = PBXGroup;
			children = (
				151FC0D213D34B7A007DC282 /* Toast.app */,
			);
			name = Products;
			sourceTree = "<group>";
		};
		151FC0D513D34B7A007DC282 /* Frameworks */ = {
			isa = PBXGroup;
			children = (
				151FC0D613D34B7A007DC282 /* UIKit.framework */,
				151FC0D813D34B7A007DC282 /* Foundation.framework */,
				151FC0DA13D34B7A007DC282 /* CoreGraphics.framework */,
				151FC13313D36FCB007DC282 /* QuartzCore.framework */,
			);
			name = Frameworks;
			sourceTree = "<group>";
		};
		151FC0DC13D34B7A007DC282 /* Toast */ = {
			isa = PBXGroup;
			children = (
				1536A60316B0E0CF0021C622 /* Toast */,
				1536A60716B0E0D60021C622 /* Example */,
			);
			name = Toast;
			path = ToastTest;
			sourceTree = "<group>";
		};
		151FC0DD13D34B7A007DC282 /* Supporting Files */ = {
			isa = PBXGroup;
			children = (
				151FC12713D35583007DC282 /* Toast-Info.plist */,
				151FC12813D35583007DC282 /* Toast-Prefix.pch */,
				151FC12A13D3558E007DC282 /* main.m */,
			);
			name = "Supporting Files";
			path = ToastTest;
			sourceTree = "<group>";
		};
		1536A60316B0E0CF0021C622 /* Toast */ = {
			isa = PBXGroup;
			children = (
				1536A60416B0E0CF0021C622 /* UIView+Toast.h */,
				1536A60516B0E0CF0021C622 /* UIView+Toast.m */,
			);
			name = Toast;
			path = Toast/Toast;
			sourceTree = SOURCE_ROOT;
		};
		1536A60716B0E0D60021C622 /* Example */ = {
			isa = PBXGroup;
			children = (
				1536A60816B0E0D60021C622 /* ToastTestAppDelegate.h */,
				1536A60916B0E0D60021C622 /* ToastTestAppDelegate.m */,
				1536A60A16B0E0D60021C622 /* ToastTestViewController.h */,
				1536A60B16B0E0D60021C622 /* ToastTestViewController.m */,
				1536A60C16B0E0D60021C622 /* ToastTestViewController.xib */,
			);
			name = Example;
			path = Toast/Example;
			sourceTree = SOURCE_ROOT;
		};
		1536A61016B0E0E20021C622 /* Resources */ = {
			isa = PBXGroup;
			children = (
				1536A61116B0E0E20021C622 /* images */,
			);
			name = Resources;
			path = Toast/Resources;
			sourceTree = "<group>";
		};
		1536A61116B0E0E20021C622 /* images */ = {
			isa = PBXGroup;
			children = (
				1536A62816B0F0B20021C622 /* Icon.png */,
				1536A62916B0F0B20021C622 /* Icon@2x.png */,
				1536A62416B0E2050021C622 /* Default-568h@2x.png */,
				1536A61216B0E0E20021C622 /* toast.png */,
			);
			path = images;
			sourceTree = "<group>";
		};
/* End PBXGroup section */

/* Begin PBXNativeTarget section */
		151FC0D113D34B7A007DC282 /* Toast */ = {
			isa = PBXNativeTarget;
			buildConfigurationList = 151FC0F313D34B7A007DC282 /* Build configuration list for PBXNativeTarget "Toast" */;
			buildPhases = (
				151FC0CE13D34B7A007DC282 /* Sources */,
				151FC0CF13D34B7A007DC282 /* Frameworks */,
				151FC0D013D34B7A007DC282 /* Resources */,
			);
			buildRules = (
			);
			dependencies = (
			);
			name = Toast;
			productName = ToastTest;
			productReference = 151FC0D213D34B7A007DC282 /* Toast.app */;
			productType = "com.apple.product-type.application";
		};
/* End PBXNativeTarget section */

/* Begin PBXProject section */
		151FC0C913D34B79007DC282 /* Project object */ = {
			isa = PBXProject;
			attributes = {
				LastUpgradeCheck = 0500;
				TargetAttributes = {
					151FC0D113D34B7A007DC282 = {
						DevelopmentTeam = 3NC359BQ4D;
					};
				};
			};
			buildConfigurationList = 151FC0CC13D34B79007DC282 /* Build configuration list for PBXProject "Toast" */;
			compatibilityVersion = "Xcode 3.2";
			developmentRegion = English;
			hasScannedForEncodings = 0;
			knownRegions = (
				en,
			);
			mainGroup = 151FC0C713D34B79007DC282;
			productRefGroup = 151FC0D313D34B7A007DC282 /* Products */;
			projectDirPath = "";
			projectRoot = "";
			targets = (
				151FC0D113D34B7A007DC282 /* Toast */,
			);
		};
/* End PBXProject section */

/* Begin PBXResourcesBuildPhase section */
		151FC0D013D34B7A007DC282 /* Resources */ = {
			isa = PBXResourcesBuildPhase;
			buildActionMask = 2147483647;
			files = (
				1536A60F16B0E0D60021C622 /* ToastTestViewController.xib in Resources */,
				1536A61316B0E0E20021C622 /* toast.png in Resources */,
				1536A62516B0E2050021C622 /* Default-568h@2x.png in Resources */,
				1536A62A16B0F0B20021C622 /* Icon.png in Resources */,
				1536A62B16B0F0B20021C622 /* Icon@2x.png in Resources */,
			);
			runOnlyForDeploymentPostprocessing = 0;
		};
/* End PBXResourcesBuildPhase section */

/* Begin PBXSourcesBuildPhase section */
		151FC0CE13D34B7A007DC282 /* Sources */ = {
			isa = PBXSourcesBuildPhase;
			buildActionMask = 2147483647;
			files = (
				1536A60616B0E0CF0021C622 /* UIView+Toast.m in Sources */,
				1536A60D16B0E0D60021C622 /* ToastTestAppDelegate.m in Sources */,
				1536A60E16B0E0D60021C622 /* ToastTestViewController.m in Sources */,
				151FC12B13D3558E007DC282 /* main.m in Sources */,
			);
			runOnlyForDeploymentPostprocessing = 0;
		};
/* End PBXSourcesBuildPhase section */

/* Begin XCBuildConfiguration section */
		151FC0F113D34B7A007DC282 /* Debug */ = {
			isa = XCBuildConfiguration;
			buildSettings = {
				CLANG_ENABLE_OBJC_ARC = YES;
				CLANG_WARN_OBJCPP_ARC_ABI = NO;
				CODE_SIGN_IDENTITY = "iPhone Developer";
				"CODE_SIGN_IDENTITY[sdk=iphoneos*]" = "iPhone Developer";
				GCC_C_LANGUAGE_STANDARD = gnu99;
				GCC_OPTIMIZATION_LEVEL = 0;
				GCC_PREPROCESSOR_DEFINITIONS = DEBUG;
				GCC_SYMBOLS_PRIVATE_EXTERN = NO;
				GCC_VERSION = com.apple.compilers.llvmgcc42;
				GCC_WARN_ABOUT_RETURN_TYPE = YES;
				GCC_WARN_UNUSED_VARIABLE = YES;
				IPHONEOS_DEPLOYMENT_TARGET = 5.1;
				ONLY_ACTIVE_ARCH = YES;
				PROVISIONING_PROFILE = "";
				"PROVISIONING_PROFILE[sdk=iphoneos*]" = "";
				SDKROOT = iphoneos;
			};
			name = Debug;
		};
		151FC0F213D34B7A007DC282 /* Release */ = {
			isa = XCBuildConfiguration;
			buildSettings = {
				CLANG_ENABLE_OBJC_ARC = YES;
				CLANG_WARN_OBJCPP_ARC_ABI = NO;
				CODE_SIGN_IDENTITY = "iPhone Developer";
				"CODE_SIGN_IDENTITY[sdk=iphoneos*]" = "iPhone Developer";
				GCC_C_LANGUAGE_STANDARD = gnu99;
				GCC_VERSION = com.apple.compilers.llvmgcc42;
				GCC_WARN_ABOUT_RETURN_TYPE = YES;
				GCC_WARN_UNUSED_VARIABLE = YES;
				IPHONEOS_DEPLOYMENT_TARGET = 5.1;
				OTHER_CFLAGS = "-DNS_BLOCK_ASSERTIONS=1";
				PROVISIONING_PROFILE = "";
				"PROVISIONING_PROFILE[sdk=iphoneos*]" = "";
				SDKROOT = iphoneos;
			};
			name = Release;
		};
		151FC0F413D34B7A007DC282 /* Debug */ = {
			isa = XCBuildConfiguration;
			buildSettings = {
				ALWAYS_SEARCH_USER_PATHS = NO;
				CLANG_ENABLE_OBJC_ARC = YES;
				CLANG_WARN_OBJCPP_ARC_ABI = NO;
				CODE_SIGN_IDENTITY = "iPhone Developer";
				"CODE_SIGN_IDENTITY[sdk=iphoneos*]" = "iPhone Developer";
				COPY_PHASE_STRIP = NO;
				GCC_DYNAMIC_NO_PIC = NO;
				GCC_PRECOMPILE_PREFIX_HEADER = YES;
				GCC_PREFIX_HEADER = "Toast/Toast-Prefix.pch";
				GCC_VERSION = com.apple.compilers.llvm.clang.1_0;
				INFOPLIST_FILE = "Toast/Toast-Info.plist";
				IPHONEOS_DEPLOYMENT_TARGET = 4.0;
				PRODUCT_NAME = Toast;
				PROVISIONING_PROFILE = "";
				"PROVISIONING_PROFILE[sdk=iphoneos*]" = "";
				TARGETED_DEVICE_FAMILY = "1,2";
				WRAPPER_EXTENSION = app;
			};
			name = Debug;
		};
		151FC0F513D34B7A007DC282 /* Release */ = {
			isa = XCBuildConfiguration;
			buildSettings = {
				ALWAYS_SEARCH_USER_PATHS = NO;
				CLANG_ENABLE_OBJC_ARC = YES;
				CLANG_WARN_OBJCPP_ARC_ABI = NO;
				CODE_SIGN_IDENTITY = "iPhone Developer";
				"CODE_SIGN_IDENTITY[sdk=iphoneos*]" = "iPhone Developer";
				COPY_PHASE_STRIP = YES;
				GCC_PRECOMPILE_PREFIX_HEADER = YES;
				GCC_PREFIX_HEADER = "Toast/Toast-Prefix.pch";
				GCC_VERSION = com.apple.compilers.llvm.clang.1_0;
				INFOPLIST_FILE = "Toast/Toast-Info.plist";
				IPHONEOS_DEPLOYMENT_TARGET = 4.0;
				PRODUCT_NAME = Toast;
				PROVISIONING_PROFILE = "";
				"PROVISIONING_PROFILE[sdk=iphoneos*]" = "";
				TARGETED_DEVICE_FAMILY = "1,2";
				VALIDATE_PRODUCT = YES;
				WRAPPER_EXTENSION = app;
			};
			name = Release;
		};
/* End XCBuildConfiguration section */

/* Begin XCConfigurationList section */
		151FC0CC13D34B79007DC282 /* Build configuration list for PBXProject "Toast" */ = {
			isa = XCConfigurationList;
			buildConfigurations = (
				151FC0F113D34B7A007DC282 /* Debug */,
				151FC0F213D34B7A007DC282 /* Release */,
			);
			defaultConfigurationIsVisible = 0;
			defaultConfigurationName = Release;
		};
		151FC0F313D34B7A007DC282 /* Build configuration list for PBXNativeTarget "Toast" */ = {
			isa = XCConfigurationList;
			buildConfigurations = (
				151FC0F413D34B7A007DC282 /* Debug */,
				151FC0F513D34B7A007DC282 /* Release */,
			);
			defaultConfigurationIsVisible = 0;
			defaultConfigurationName = Release;
		};
/* End XCConfigurationList section */
	};
	rootObject = 151FC0C913D34B79007DC282 /* Project object */;
}
